{
  "version": 4,
  "terraform_version": "1.0.0",
  "serial": 32,
  "lineage": "694e4576-9834-38bd-bdd9-b2da019ce230",
  "outputs": {
    "aws_iam_role": {
      "value": {
        "arn": "arn:aws:iam::763237209150:role/001-Audrey-s3-replication-role",
        "assume_role_policy": "{\"Statement\":[{\"Action\":\"sts:AssumeRole\",\"Effect\":\"Allow\",\"Principal\":{\"Service\":\"s3.amazonaws.com\"},\"Sid\":\"\"}],\"Version\":\"2012-10-17\"}",
        "create_date": "2024-05-09T19:24:15Z",
        "description": "",
        "force_detach_policies": false,
        "id": "001-Audrey-s3-replication-role",
        "inline_policy": [],
        "managed_policy_arns": [],
        "max_session_duration": 3600,
        "name": "001-Audrey-s3-replication-role",
        "name_prefix": "",
        "path": "/",
        "permissions_boundary": null,
        "role_last_used": [
          {
            "last_used_date": "",
            "region": ""
          }
        ],
        "tags": {
          "tag-key": "tag-value"
        },
        "tags_all": {
          "tag-key": "tag-value"
        },
        "unique_id": "AROA3DND3SQ7MHWI2UA4T"
      },
      "type": [
        "object",
        {
          "arn": "string",
          "assume_role_policy": "string",
          "create_date": "string",
          "description": "string",
          "force_detach_policies": "bool",
          "id": "string",
          "inline_policy": [
            "set",
            [
              "object",
              {
                "name": "string",
                "policy": "string"
              }
            ]
          ],
          "managed_policy_arns": [
            "set",
            "string"
          ],
          "max_session_duration": "number",
          "name": "string",
          "name_prefix": "string",
          "path": "string",
          "permissions_boundary": "string",
          "role_last_used": [
            "list",
            [
              "object",
              {
                "last_used_date": "string",
                "region": "string"
              }
            ]
          ],
          "tags": [
            "map",
            "string"
          ],
          "tags_all": [
            "map",
            "string"
          ],
          "unique_id": "string"
        }
      ]
    }
  },
  "resources": [
    {
      "mode": "data",
      "type": "aws_iam_policy_document",
      "name": "assume_role",
      "provider": "provider[\"registry.terraform.io/hashicorp/aws\"]",
      "instances": [
        {
          "schema_version": 0,
          "attributes": {
            "id": "4003806384",
            "json": "{\n  \"Version\": \"2012-10-17\",\n  \"Statement\": [\n    {\n      \"Sid\": \"\",\n      \"Effect\": \"Allow\",\n      \"Action\": \"sts:AssumeRole\",\n      \"Principal\": {\n        \"Service\": \"s3.amazonaws.com\"\n      }\n    }\n  ]\n}",
            "override_json": null,
            "override_policy_documents": null,
            "policy_id": null,
            "source_json": null,
            "source_policy_documents": null,
            "statement": [
              {
                "actions": [
                  "sts:AssumeRole"
                ],
                "condition": [],
                "effect": "Allow",
                "not_actions": [],
                "not_principals": [],
                "not_resources": [],
                "principals": [
                  {
                    "identifiers": [
                      "s3.amazonaws.com"
                    ],
                    "type": "Service"
                  }
                ],
                "resources": [],
                "sid": ""
              }
            ],
            "version": "2012-10-17"
          },
          "sensitive_attributes": []
        }
      ]
    },
    {
      "mode": "data",
      "type": "aws_iam_policy_document",
      "name": "replication",
      "provider": "provider[\"registry.terraform.io/hashicorp/aws\"]",
      "instances": []
    },
    {
      "mode": "managed",
      "type": "aws_iam_policy",
      "name": "s3_private_acl_policy",
      "provider": "provider[\"registry.terraform.io/hashicorp/aws\"].source",
      "instances": []
    },
    {
      "mode": "managed",
      "type": "aws_iam_role",
      "name": "s3_replication_role",
      "provider": "provider[\"registry.terraform.io/hashicorp/aws\"].source",
      "instances": [
        {
          "schema_version": 0,
          "attributes": {
            "arn": "arn:aws:iam::763237209150:role/001-Audrey-s3-replication-role",
            "assume_role_policy": "{\"Statement\":[{\"Action\":\"sts:AssumeRole\",\"Effect\":\"Allow\",\"Principal\":{\"Service\":\"s3.amazonaws.com\"},\"Sid\":\"\"}],\"Version\":\"2012-10-17\"}",
            "create_date": "2024-05-09T19:24:15Z",
            "description": "",
            "force_detach_policies": false,
            "id": "001-Audrey-s3-replication-role",
            "inline_policy": [],
            "managed_policy_arns": [],
            "max_session_duration": 3600,
            "name": "001-Audrey-s3-replication-role",
            "name_prefix": "",
            "path": "/",
            "permissions_boundary": null,
            "role_last_used": [
              {
                "last_used_date": "",
                "region": ""
              }
            ],
            "tags": {
              "tag-key": "tag-value"
            },
            "tags_all": {
              "tag-key": "tag-value"
            },
            "unique_id": "AROA3DND3SQ7MHWI2UA4T"
          },
          "sensitive_attributes": [],
          "private": "bnVsbA=="
        }
      ]
    },
    {
      "mode": "managed",
      "type": "aws_iam_role_policy_attachment",
      "name": "s3_replication_policy_attachment",
      "provider": "provider[\"registry.terraform.io/hashicorp/aws\"].source",
      "instances": []
    },
    {
      "mode": "managed",
      "type": "aws_s3_bucket_replication_configuration",
      "name": "replication",
      "provider": "provider[\"registry.terraform.io/hashicorp/aws\"]",
      "instances": []
    },
    {
      "mode": "managed",
      "type": "aws_s3_bucket_versioning",
      "name": "versioning_destination",
      "provider": "provider[\"registry.terraform.io/hashicorp/aws\"].destination",
      "instances": []
    },
    {
      "mode": "managed",
      "type": "aws_s3_bucket_versioning",
      "name": "versioning_source",
      "provider": "provider[\"registry.terraform.io/hashicorp/aws\"].source",
      "instances": []
    }
  ]
}
